
Microsoft Visual Studio Solution File, Format Version 12.00
# Visual Studio Version 17
VisualStudioVersion = 17.4.33103.184
MinimumVisualStudioVersion = 10.0.40219.1
Project("{FAE04EC0-301F-11D3-BF4B-00C04F79EFBC}") = "12variantlabwork1", "12variantlabwork1.csproj", "{9B55800A-1DB3-401E-85DB-6B290B058593}"
EndProject
Global
	GlobalSection(SolutionConfigurationPlatforms) = preSolution
		Debug|Any CPU = Debug|Any CPU
		Release|Any CPU = Release|Any CPU
	EndGlobalSection
	GlobalSection(ProjectConfigurationPlatforms) = postSolution
		{9B55800A-1DB3-401E-85DB-6B290B058593}.Debug|Any CPU.ActiveCfg = Debug|Any CPU
		{9B55800A-1DB3-401E-85DB-6B290B058593}.Debug|Any CPU.Build.0 = Debug|Any CPU
		{9B55800A-1DB3-401E-85DB-6B290B058593}.Release|Any CPU.ActiveCfg = Release|Any CPU
		{9B55800A-1DB3-401E-85DB-6B290B058593}.Release|Any CPU.Build.0 = Release|Any CPU
	EndGlobalSection
	GlobalSection(SolutionProperties) = preSolution
		HideSolutionNode = FALSE
	EndGlobalSection
	GlobalSection(ExtensibilityGlobals) = postSolution
		SolutionGuid = {86545371-56BB-4EFF-A068-A42A2161E694}
	EndGlobalSection
EndGlobal
